// !$*UTF8*$!
{
	archiveVersion = 1;
	classes = {
	};
	objectVersion = 48;
	objects = {

/* Begin PBXBuildFile section */
		AE35BD112589A3E3007849B7 /* AppDelegate.swift in Sources */ = {isa = PBXBuildFile; fileRef = AE35BD102589A3E3007849B7 /* AppDelegate.swift */; };
		AE35BD132589A3E3007849B7 /* ViewController.swift in Sources */ = {isa = PBXBuildFile; fileRef = AE35BD122589A3E3007849B7 /* ViewController.swift */; };
		AE35BD162589A3E3007849B7 /* Main.storyboard in Resources */ = {isa = PBXBuildFile; fileRef = AE35BD142589A3E3007849B7 /* Main.storyboard */; };
		AE35BD182589A3E3007849B7 /* Assets.xcassets in Resources */ = {isa = PBXBuildFile; fileRef = AE35BD172589A3E3007849B7 /* Assets.xcassets */; };
		AE35BD1B2589A3E3007849B7 /* LaunchScreen.storyboard in Resources */ = {isa = PBXBuildFile; fileRef = AE35BD192589A3E3007849B7 /* LaunchScreen.storyboard */; };
/* End PBXBuildFile section */

/* Begin PBXFileReference section */
		AE35BD0D2589A3E3007849B7 /* UIcolorConvert.app */ = {isa = PBXFileReference; explicitFileType = wrapper.application; includeInIndex = 0; path = UIcolorConvert.app; sourceTree = BUILT_PRODUCTS_DIR; };
		AE35BD102589A3E3007849B7 /* AppDelegate.swift */ = {isa = PBXFileReference; lastKnownFileType = sourcecode.swift; path = AppDelegate.swift; sourceTree = "<group>"; };
		AE35BD122589A3E3007849B7 /* ViewController.swift */ = {isa = PBXFileReference; lastKnownFileType = sourcecode.swift; path = ViewController.swift; sourceTree = "<group>"; };
		AE35BD152589A3E3007849B7 /* Base */ = {isa = PBXFileReference; lastKnownFileType = file.storyboard; name = Base; path = Base.lproj/Main.storyboard; sourceTree = "<group>"; };
		AE35BD172589A3E3007849B7 /* Assets.xcassets */ = {isa = PBXFileReference; lastKnownFileType = folder.assetcatalog; path = Assets.xcassets; sourceTree = "<group>"; };
		AE35BD1A2589A3E3007849B7 /* Base */ = {isa = PBXFileReference; lastKnownFileType = file.storyboard; name = Base; path = Base.lproj/LaunchScreen.storyboard; sourceTree = "<group>"; };
		AE35BD1C2589A3E3007849B7 /* Info.plist */ = {isa = PBXFileReference; lastKnownFileType = text.plist.xml; path = Info.plist; sourceTree = "<group>"; };
/* End PBXFileReference section */

/* Begin PBXFrameworksBuildPhase section */
		AE35BD0A2589A3E3007849B7 /* Frameworks */ = {
			isa = PBXFrameworksBuildPhase;
			buildActionMask = 2147483647;
			files = (
			);
			runOnlyForDeploymentPostprocessing = 0;
		};
/* End PBXFrameworksBuildPhase section */

/* Begin PBXGroup section */
		AE35BD042589A3E3007849B7 = {
			isa = PBXGroup;
			children = (
				AE35BD0F2589A3E3007849B7 /* UIcolorConvert */,
				AE35BD0E2589A3E3007849B7 /* Products */,
			);
			sourceTree = "<group>";
		};
		AE35BD0E2589A3E3007849B7 /* Products */ = {
			isa = PBXGroup;
			children = (
				AE35BD0D2589A3E3007849B7 /* UIcolorConvert.app */,
			);
			name = Products;
			sourceTree = "<group>";
		};
		AE35BD0F2589A3E3007849B7 /* UIcolorConvert */ = {
			isa = PBXGroup;
			children = (
				AE35BD102589A3E3007849B7 /* AppDelegate.swift */,
				AE35BD122589A3E3007849B7 /* ViewController.swift */,
				AE35BD142589A3E3007849B7 /* Main.storyboard */,
				AE35BD172589A3E3007849B7 /* Assets.xcassets */,
				AE35BD192589A3E3007849B7 /* LaunchScreen.storyboard */,
				AE35BD1C2589A3E3007849B7 /* Info.plist */,
			);
			path = UIcolorConvert;
			sourceTree = "<group>";
		};
/* End PBXGroup section */

/* Begin PBXNativeTarget section */
		AE35BD0C2589A3E3007849B7 /* UIcolorConvert */ = {
			isa = PBXNativeTarget;
			buildConfigurationList = AE35BD1F2589A3E3007849B7 /* Build configuration list for PBXNativeTarget "UIcolorConvert" */;
			buildPhases = (
				AE35BD092589A3E3007849B7 /* Sources */,
				AE35BD0A2589A3E3007849B7 /* Frameworks */,
				AE35BD0B2589A3E3007849B7 /* Resources */,
			);
			buildRules = (
			);
			dependencies = (
			);
			name = UIcolorConvert;
			productName = UIcolorConvert;
			productReference = AE35BD0D2589A3E3007849B7 /* UIcolorConvert.app */;
			productType = "com.apple.product-type.application";
		};
/* End PBXNativeTarget section */

/* Begin PBXProject section */
		AE35BD052589A3E3007849B7 /* Project object */ = {
			isa = PBXProject;
			attributes = {
				LastSwiftUpdateCheck = 0920;
				LastUpgradeCheck = 0920;
				ORGANIZATIONNAME = JINGNIE;
				TargetAttributes = {
					AE35BD0C2589A3E3007849B7 = {
						CreatedOnToolsVersion = 9.2;
						ProvisioningStyle = Automatic;
					};
				};
			};
			buildConfigurationList = AE35BD082589A3E3007849B7 /* Build configuration list for PBXProject "UIcolorConvert" */;
			compatibilityVersion = "Xcode 8.0";
			developmentRegion = en;
			hasScannedForEncodings = 0;
			knownRegions = (
				en,
				Base,
			);
			mainGroup = AE35BD042589A3E3007849B7;
			productRefGroup = AE35BD0E2589A3E3007849B7 /* Products */;
			projectDirPath = "";
			projectRoot = "";
			targets = (
				AE35BD0C2589A3E3007849B7 /* UIcolorConvert */,
			);
		};
/* End PBXProject section */

/* Begin PBXResourcesBuildPhase section */
		AE35BD0B2589A3E3007849B7 /* Resources */ = {
			isa = PBXResourcesBuildPhase;
			buildActionMask = 2147483647;
			files = (
				AE35BD1B2589A3E3007849B7 /* LaunchScreen.storyboard in Resources */,
				AE35BD182589A3E3007849B7 /* Assets.xcassets in Resources */,
				AE35BD162589A3E3007849B7 /* Main.storyboard in Resources */,
			);
			runOnlyForDeploymentPostprocessing = 0;
		};
/* End PBXResourcesBuildPhase section */

/* Begin PBXSourcesBuildPhase section */
		AE35BD092589A3E3007849B7 /* Sources */ = {
			isa = PBXSourcesBuildPhase;
			buildActionMask = 2147483647;
			files = (
				AE35BD132589A3E3007849B7 /* ViewController.swift in Sources */,
				AE35BD112589A3E3007849B7 /* AppDelegate.swift in Sources */,
			);
			runOnlyForDeploymentPostprocessing = 0;
		};
/* End PBXSourcesBuildPhase section */

/* Begin PBXVariantGroup section */
		AE35BD142589A3E3007849B7 /* Main.storyboard */ = {
			isa = PBXVariantGroup;
			children = (
				AE35BD152589A3E3007849B7 /* Base */,
			);
			name = Main.storyboard;
			sourceTree = "<group>";
		};
		AE35BD192589A3E3007849B7 /* LaunchScreen.storyboard */ = {
			isa = PBXVariantGroup;
			children = (
				AE35BD1A2589A3E3007849B7 /* Base */,
			);
			name = LaunchScreen.storyboard;
			sourceTree = "<group>";
		};
/* End PBXVariantGroup section */

/* Begin XCBuildConfiguration section */
		AE35BD1D2589A3E3007849B7 /* Debug */ = {
			isa = XCBuildConfiguration;
			buildSettings = {
				ALWAYS_SEARCH_USER_PATHS = NO;
				CLANG_ANALYZER_NONNULL = YES;
				CLANG_ANALYZER_NUMBER_OBJECT_CONVERSION = YES_AGGRESSIVE;
				CLANG_CXX_LANGUAGE_STANDARD = "gnu++14";
				CLANG_CXX_LIBRARY = "libc++";
				CLANG_ENABLE_MODULES = YES;
				CLANG_ENABLE_OBJC_ARC = YES;
				CLANG_WARN_BLOCK_CAPTURE_AUTORELEASING = YES;
				CLANG_WARN_BOOL_CONVERSION = YES;
				CLANG_WARN_COMMA = YES;
				CLANG_WARN_CONSTANT_CONVERSION = YES;
				CLANG_WARN_DIRECT_OBJC_ISA_USAGE = YES_ERROR;
				CLANG_WARN_DOCUMENTATION_COMMENTS = YES;
				CLANG_WARN_EMPTY_BODY = YES;
				CLANG_WARN_ENUM_CONVERSION = YES;
				CLANG_WARN_INFINITE_RECURSION = YES;
				CLANG_WARN_INT_CONVERSION = YES;
				CLANG_WARN_NON_LITERAL_NULL_CONVERSION = YES;
				CLANG_WARN_OBJC_LITERAL_CONVERSION = YES;
				CLANG_WARN_OBJC_ROOT_CLASS = YES_ERROR;
				CLANG_WARN_RANGE_LOOP_ANALYSIS = YES;
				CLANG_WARN_STRICT_PROTOTYPES = YES;
				CLANG_WARN_SUSPICIOUS_MOVE = YES;
				CLANG_WARN_UNGUARDED_AVAILABILITY = YES_AGGRESSIVE;
				CLANG_WARN_UNREACHABLE_CODE = YES;
				CLANG_WARN__DUPLICATE_METHOD_MATCH = YES;
				CODE_SIGN_IDENTITY = "iPhone Developer";
				COPY_PHASE_STRIP = NO;
				DEBUG_INFORMATION_FORMAT = dwarf;
				ENABLE_STRICT_OBJC_MSGSEND = YES;
				ENABLE_TESTABILITY = YES;
				GCC_C_LANGUAGE_STANDARD = gnu11;
				GCC_DYNAMIC_NO_PIC = NO;
				GCC_NO_COMMON_BLOCKS = YES;
				GCC_OPTIMIZATION_LEVEL = 0;
				GCC_PREPROCESSOR_DEFINITIONS = (
					"DEBUG=1",
					"$(inherited)",
				);
				GCC_WARN_64_TO_32_BIT_CONVERSION = YES;
				GCC_WARN_ABOUT_RETURN_TYPE = YES_ERROR;
				GCC_WARN_UNDECLARED_SELECTOR = YES;
				GCC_WARN_UNINITIALIZED_AUTOS = YES_AGGRESSIVE;
				GCC_WARN_UNUSED_FUNCTION = YES;
				GCC_WARN_UNUSED_VARIABLE = YES;
				IPHONEOS_DEPLOYMENT_TARGET = 11.2;
				MTL_ENABLE_DEBUG_INFO = YES;
				ONLY_ACTIVE_ARCH = YES;
				SDKROOT = iphoneos;
				SWIFT_ACTIVE_COMPILATION_CONDITIONS = DEBUG;
				SWIFT_OPTIMIZATION_LEVEL = "-Onone";
			};
			name = Debug;
		};
		AE35BD1E2589A3E3007849B7 /* Release */ = {
			isa = XCBuildConfiguration;
			buildSettings = {
				ALWAYS_SEARCH_USER_PATHS = NO;
				CLANG_ANALYZER_NONNULL = YES;
				CLANG_ANALYZER_NUMBER_OBJECT_CONVERSION = YES_AGGRESSIVE;
				CLANG_CXX_LANGUAGE_STANDARD = "gnu++14";
				CLANG_CXX_LIBRARY = "libc++";
				CLANG_ENABLE_MODULES = YES;
				CLANG_ENABLE_OBJC_ARC = YES;
				CLANG_WARN_BLOCK_CAPTURE_AUTORELEASING = YES;
				CLANG_WARN_BOOL_CONVERSION = YES;
				CLANG_WARN_COMMA = YES;
				CLANG_WARN_CONSTANT_CONVERSION = YES;
				CLANG_WARN_DIRECT_OBJC_ISA_USAGE = YES_ERROR;
				CLANG_WARN_DOCUMENTATION_COMMENTS = YES;
				CLANG_WARN_EMPTY_BODY = YES;
				CLANG_WARN_ENUM_CONVERSION = YES;
				CLANG_WARN_INFINITE_RECURSION = YES;
				CLANG_WARN_INT_CONVERSION = YES;
				CLANG_WARN_NON_LITERAL_NULL_CONVERSION = YES;
				CLANG_WARN_OBJC_LITERAL_CONVERSION = YES;
				CLANG_WARN_OBJC_ROOT_CLASS = YES_ERROR;
				CLANG_WARN_RANGE_LOOP_ANALYSIS = YES;
				CLANG_WARN_STRICT_PROTOTYPES = YES;
				CLANG_WARN_SUSPICIOUS_MOVE = YES;
				CLANG_WARN_UNGUARDED_AVAILABILITY = YES_AGGRESSIVE;
				CLANG_WARN_UNREACHABLE_CODE = YES;
				CLANG_WARN__DUPLICATE_METHOD_MATCH = YES;
				CODE_SIGN_IDENTITY = "iPhone Developer";
				COPY_PHASE_STRIP = NO;
				DEBUG_INFORMATION_FORMAT = "dwarf-with-dsym";
				ENABLE_NS_ASSERTIONS = NO;
				ENABLE_STRICT_OBJC_MSGSEND = YES;
				GCC_C_LANGUAGE_STANDARD = gnu11;
				GCC_NO_COMMON_BLOCKS = YES;
				GCC_WARN_64_TO_32_BIT_CONVERSION = YES;
				GCC_WARN_ABOUT_RETURN_TYPE = YES_ERROR;
				GCC_WARN_UNDECLARED_SELECTOR = YES;
				GCC_WARN_UNINITIALIZED_AUTOS = YES_AGGRESSIVE;
				GCC_WARN_UNUSED_FUNCTION = YES;
				GCC_WARN_UNUSED_VARIABLE = YES;
				IPHONEOS_DEPLOYMENT_TARGET = 11.2;
				MTL_ENABLE_DEBUG_INFO = NO;
				SDKROOT = iphoneos;
				SWIFT_OPTIMIZATION_LEVEL = "-Owholemodule";
				VALIDATE_PRODUCT = YES;
			};
			name = Release;
		};
		AE35BD202589A3E3007849B7 /* Debug */ = {
			isa = XCBuildConfiguration;
			buildSettings = {
				ASSETCATALOG_COMPILER_APPICON_NAME = AppIcon;
				CODE_SIGN_STYLE = Automatic;
				DEVELOPMENT_TEAM = 4CKL84222J;
				INFOPLIST_FILE = UIcolorConvert/Info.plist;
				LD_RUNPATH_SEARCH_PATHS = "$(inherited) @executable_path/Frameworks";
				PRODUCT_BUNDLE_IDENTIFIER = COM.JINGNIE.UIcolorConvert;
				PRODUCT_NAME = "$(TARGET_NAME)";
				SWIFT_VERSION = 4.0;
				TARGETED_DEVICE_FAMILY = "1,2";
			};
			name = Debug;
		};
		AE35BD212589A3E3007849B7 /* Release */ = {
			isa = XCBuildConfiguration;
			buildSettings = {
				ASSETCATALOG_COMPILER_APPICON_NAME = AppIcon;
				CODE_SIGN_STYLE = Automatic;
				DEVELOPMENT_TEAM = 4CKL84222J;
				INFOPLIST_FILE = UIcolorConvert/Info.plist;
				LD_RUNPATH_SEARCH_PATHS = "$(inherited) @executable_path/Frameworks";
				PRODUCT_BUNDLE_IDENTIFIER = COM.JINGNIE.UIcolorConvert;
				PRODUCT_NAME = "$(TARGET_NAME)";
				SWIFT_VERSION = 4.0;
				TARGETED_DEVICE_FAMILY = "1,2";
			};
			name = Release;
		};
/* End XCBuildConfiguration section */

/* Begin XCConfigurationList section */
		AE35BD082589A3E3007849B7 /* Build configuration list for PBXProject "UIcolorConvert" */ = {
			isa = XCConfigurationList;
			buildConfigurations = (
				AE35BD1D2589A3E3007849B7 /* Debug */,
				AE35BD1E2589A3E3007849B7 /* Release */,
			);
			defaultConfigurationIsVisible = 0;
			defaultConfigurationName = Release;
		};
		AE35BD1F2589A3E3007849B7 /* Build configuration list for PBXNativeTarget "UIcolorConvert" */ = {
			isa = XCConfigurationList;
			buildConfigurations = (
				AE35BD202589A3E3007849B7 /* Debug */,
				AE35BD212589A3E3007849B7 /* Release */,
			);
			defaultConfigurationIsVisible = 0;
			defaultConfigurationName = Release;
		};
/* End XCConfigurationList section */
	};
	rootObject = AE35BD052589A3E3007849B7 /* Project object */;
}
